
Microsoft Visual Studio Solution File, Format Version 12.00
# Visual Studio 15
VisualStudioVersion = 15.0.27703.2047
MinimumVisualStudioVersion = 10.0.40219.1
Project("{FAE04EC0-301F-11D3-BF4B-00C04F79EFBC}") = "WindowsFormsApp1", "WindowsFormsApp1\WindowsFormsApp1.csproj", "{B1CD0F4B-3F71-47E8-9D25-CE685BB87FBE}"
EndProject
Global
	GlobalSection(SolutionConfigurationPlatforms) = preSolution
		Debug|Any CPU = Debug|Any CPU
		Release|Any CPU = Release|Any CPU
	EndGlobalSection
	GlobalSection(ProjectConfigurationPlatforms) = postSolution
		{B1CD0F4B-3F71-47E8-9D25-CE685BB87FBE}.Debug|Any CPU.ActiveCfg = Debug|Any CPU
		{B1CD0F4B-3F71-47E8-9D25-CE685BB87FBE}.Debug|Any CPU.Build.0 = Debug|Any CPU
		{B1CD0F4B-3F71-47E8-9D25-CE685BB87FBE}.Release|Any CPU.ActiveCfg = Release|Any CPU
		{B1CD0F4B-3F71-47E8-9D25-CE685BB87FBE}.Release|Any CPU.Build.0 = Release|Any CPU
	EndGlobalSection
	GlobalSection(SolutionProperties) = preSolution
		HideSolutionNode = FALSE
	EndGlobalSection
	GlobalSection(ExtensibilityGlobals) = postSolution
		SolutionGuid = {DA734E98-4A76-48FB-8B66-167FFF70E329}
	EndGlobalSection
EndGlobal
